
Microsoft Visual Studio Solution File, Format Version 12.00
# Visual Studio Version 17
VisualStudioVersion = 17.5.33516.290
MinimumVisualStudioVersion = 10.0.40219.1
Project("{F184B08F-C81C-45F6-A57F-5ABD9991F28F}") = "pizza", "pizza\pizza.vbproj", "{180E9156-FE8B-4327-A4EF-83BAA7B60B5B}"
EndProject
Global
	GlobalSection(SolutionConfigurationPlatforms) = preSolution
		Debug|Any CPU = Debug|Any CPU
		Release|Any CPU = Release|Any CPU
	EndGlobalSection
	GlobalSection(ProjectConfigurationPlatforms) = postSolution
		{180E9156-FE8B-4327-A4EF-83BAA7B60B5B}.Debug|Any CPU.ActiveCfg = Debug|Any CPU
		{180E9156-FE8B-4327-A4EF-83BAA7B60B5B}.Debug|Any CPU.Build.0 = Debug|Any CPU
		{180E9156-FE8B-4327-A4EF-83BAA7B60B5B}.Release|Any CPU.ActiveCfg = Release|Any CPU
		{180E9156-FE8B-4327-A4EF-83BAA7B60B5B}.Release|Any CPU.Build.0 = Release|Any CPU
	EndGlobalSection
	GlobalSection(SolutionProperties) = preSolution
		HideSolutionNode = FALSE
	EndGlobalSection
	GlobalSection(ExtensibilityGlobals) = postSolution
		SolutionGuid = {3CDD2BDE-7C44-48DB-9401-984F897605E1}
	EndGlobalSection
EndGlobal
